{
  "name": "do-not-copy-hyphens",
  "version": "1.0.0",
  "lockfileVersion": 1,
  "requires": true,
  "dependencies": {
    "clipboard-copy": {
      "version": "3.0.0",
      "resolved": "https://registry.npmjs.org/clipboard-copy/-/clipboard-copy-3.0.0.tgz",
      "integrity": "sha512-1wgoaIRbRGTuv82jTpUgUkUFUQDF8H9hDa8IlkQfdETDHGk0CuisNPvFWNnPT/s3drikxhN33tvv54190c9lYA=="
    }
  }
}
